
Microsoft Visual Studio Solution File, Format Version 12.00
# Visual Studio Version 17
VisualStudioVersion = 17.8.34525.116
MinimumVisualStudioVersion = 10.0.40219.1
Project("{FAE04EC0-301F-11D3-BF4B-00C04F79EFBC}") = "test1", "test1\test1.csproj", "{4EEF7433-9EF4-4CA0-8D67-11E80F6C7A54}"
EndProject
Global
	GlobalSection(SolutionConfigurationPlatforms) = preSolution
		Debug|Any CPU = Debug|Any CPU
		Release|Any CPU = Release|Any CPU
	EndGlobalSection
	GlobalSection(ProjectConfigurationPlatforms) = postSolution
		{4EEF7433-9EF4-4CA0-8D67-11E80F6C7A54}.Debug|Any CPU.ActiveCfg = Debug|Any CPU
		{4EEF7433-9EF4-4CA0-8D67-11E80F6C7A54}.Debug|Any CPU.Build.0 = Debug|Any CPU
		{4EEF7433-9EF4-4CA0-8D67-11E80F6C7A54}.Release|Any CPU.ActiveCfg = Release|Any CPU
		{4EEF7433-9EF4-4CA0-8D67-11E80F6C7A54}.Release|Any CPU.Build.0 = Release|Any CPU
	EndGlobalSection
	GlobalSection(SolutionProperties) = preSolution
		HideSolutionNode = FALSE
	EndGlobalSection
	GlobalSection(ExtensibilityGlobals) = postSolution
		SolutionGuid = {5887D4CF-4612-4C84-8E39-3A6D5103D82A}
	EndGlobalSection
EndGlobal
